
Microsoft Visual Studio Solution File, Format Version 12.00
# Visual Studio Version 16
VisualStudioVersion = 16.0.809.9
MinimumVisualStudioVersion = 10.0.40219.1
Project("{FAE04EC0-301F-11D3-BF4B-00C04F79EFBC}") = "MethodExercise", "MethodExercise\MethodExercise.csproj", "{D421561B-771D-4C87-9659-E40FC52E8DEE}"
EndProject
Global
	GlobalSection(SolutionConfigurationPlatforms) = preSolution
		Debug|Any CPU = Debug|Any CPU
		Release|Any CPU = Release|Any CPU
	EndGlobalSection
	GlobalSection(ProjectConfigurationPlatforms) = postSolution
		{D421561B-771D-4C87-9659-E40FC52E8DEE}.Debug|Any CPU.ActiveCfg = Debug|Any CPU
		{D421561B-771D-4C87-9659-E40FC52E8DEE}.Debug|Any CPU.Build.0 = Debug|Any CPU
		{D421561B-771D-4C87-9659-E40FC52E8DEE}.Release|Any CPU.ActiveCfg = Release|Any CPU
		{D421561B-771D-4C87-9659-E40FC52E8DEE}.Release|Any CPU.Build.0 = Release|Any CPU
	EndGlobalSection
	GlobalSection(SolutionProperties) = preSolution
		HideSolutionNode = FALSE
	EndGlobalSection
	GlobalSection(ExtensibilityGlobals) = postSolution
		SolutionGuid = {3DC0B81B-3E19-480F-B01B-2A292C2520B9}
	EndGlobalSection
EndGlobal
